
Microsoft Visual Studio Solution File, Format Version 12.00
# Visual Studio Version 16
VisualStudioVersion = 16.0.30804.86
MinimumVisualStudioVersion = 10.0.40219.1
Project("{FAE04EC0-301F-11D3-BF4B-00C04F79EFBC}") = "GradeBookApi", "GradeBookApi\GradeBookApi.csproj", "{3094A324-FDD7-45B2-A399-3FB23337879E}"
EndProject
Global
	GlobalSection(SolutionConfigurationPlatforms) = preSolution
		Debug|Any CPU = Debug|Any CPU
		Release|Any CPU = Release|Any CPU
	EndGlobalSection
	GlobalSection(ProjectConfigurationPlatforms) = postSolution
		{3094A324-FDD7-45B2-A399-3FB23337879E}.Debug|Any CPU.ActiveCfg = Debug|Any CPU
		{3094A324-FDD7-45B2-A399-3FB23337879E}.Debug|Any CPU.Build.0 = Debug|Any CPU
		{3094A324-FDD7-45B2-A399-3FB23337879E}.Release|Any CPU.ActiveCfg = Release|Any CPU
		{3094A324-FDD7-45B2-A399-3FB23337879E}.Release|Any CPU.Build.0 = Release|Any CPU
	EndGlobalSection
	GlobalSection(SolutionProperties) = preSolution
		HideSolutionNode = FALSE
	EndGlobalSection
	GlobalSection(ExtensibilityGlobals) = postSolution
		SolutionGuid = {6F4CA3E9-BC0E-40F3-96EF-923D1F8CF524}
	EndGlobalSection
EndGlobal
